
Microsoft Visual Studio Solution File, Format Version 12.00
Project("{FAE04EC0-301F-11D3-BF4B-00C04F79EFBC}") = "Domain", "Domain\Domain.csproj", "{735ADD41-990F-4313-9F42-5C661EF61787}"
EndProject
Project("{2150E333-8FDC-42A3-9474-1A3956D46DE8}") = "src", "src", "{5077A5CF-B1BA-4607-9784-AEF1DD911AA5}"
EndProject
Global
	GlobalSection(SolutionConfigurationPlatforms) = preSolution
		Debug|Any CPU = Debug|Any CPU
		Release|Any CPU = Release|Any CPU
	EndGlobalSection
	GlobalSection(ProjectConfigurationPlatforms) = postSolution
		{735ADD41-990F-4313-9F42-5C661EF61787}.Debug|Any CPU.ActiveCfg = Debug|Any CPU
		{735ADD41-990F-4313-9F42-5C661EF61787}.Debug|Any CPU.Build.0 = Debug|Any CPU
		{735ADD41-990F-4313-9F42-5C661EF61787}.Release|Any CPU.ActiveCfg = Release|Any CPU
		{735ADD41-990F-4313-9F42-5C661EF61787}.Release|Any CPU.Build.0 = Release|Any CPU
	EndGlobalSection
	GlobalSection(NestedProjects) = preSolution
		{735ADD41-990F-4313-9F42-5C661EF61787} = {5077A5CF-B1BA-4607-9784-AEF1DD911AA5}
	EndGlobalSection
EndGlobal
