Microsoft Visual Studio Solution File, Format Version 12.00
Project("{FAE04EC0-301F-11D3-BF4B-00C04F79EFBC}") = "Domain", "Domain\Domain.csproj", "{735ADD41-990F-4313-9F42-5C661EF61787}"
EndProject
Project("{2150E333-8FDC-42A3-9474-1A3956D46DE8}") = "src", "src", "{5077A5CF-B1BA-4607-9784-AEF1DD911AA5}"
EndProject
Project("{FAE04EC0-301F-11D3-BF4B-00C04F79EFBC}") = "Infrastructure", "Infrastructure\Infrastructure.csproj", "{371D93AF-205B-44DD-BB37-2D7600BA079B}"
EndProject
Project("{FAE04EC0-301F-11D3-BF4B-00C04F79EFBC}") = "Application", "Application\Application.csproj", "{9419FE79-0F7B-4E20-98E1-8502A6D01EE4}"
EndProject
Project("{FAE04EC0-301F-11D3-BF4B-00C04F79EFBC}") = "Apii", "Apii\Apii.csproj", "{719EE96C-2D23-46D9-B9FF-D74CF06DE99A}"
EndProject
Project("{2150E333-8FDC-42A3-9474-1A3956D46DE8}") = "test", "test", "{4B43D63B-1164-4BA8-8B5F-4CDD561D75DD}"
EndProject
Project("{FAE04EC0-301F-11D3-BF4B-00C04F79EFBC}") = "Test.Data", "test\Test.Data\Test.Data.csproj", "{8CB5B818-B84F-435A-8995-66C38D5322E5}"
EndProject
Project("{FAE04EC0-301F-11D3-BF4B-00C04F79EFBC}") = "Tests.Common", "test\Tests.Common\Tests.Common.csproj", "{4D23160F-8365-4E85-8543-F5793244FD97}"
EndProject
Project("{FAE04EC0-301F-11D3-BF4B-00C04F79EFBC}") = "Api.Tests.Integration", "test\Api.Tests.Integration\Api.Tests.Integration.csproj", "{933E0438-1DAD-4698-A4EF-92091E457127}"
EndProject

Global
				GlobalSection(SolutionConfigurationPlatforms) = preSolution
								Debug|Any CPU = Debug|Any CPU
								Release|Any CPU = Release|Any CPU
				EndGlobalSection
				GlobalSection(ProjectConfigurationPlatforms) = postSolution
								{735ADD41-990F-4313-9F42-5C661EF61787}.Debug|Any CPU.ActiveCfg = Debug|Any CPU
								{735ADD41-990F-4313-9F42-5C661EF61787}.Debug|Any CPU.Build.0 = Debug|Any CPU
								{735ADD41-990F-4313-9F42-5C661EF61787}.Release|Any CPU.ActiveCfg = Release|Any CPU
								{735ADD41-990F-4313-9F42-5C661EF61787}.Release|Any CPU.Build.0 = Release|Any CPU
								{371D93AF-205B-44DD-BB37-2D7600BA079B}.Debug|Any CPU.ActiveCfg = Debug|Any CPU
								{371D93AF-205B-44DD-BB37-2D7600BA079B}.Debug|Any CPU.Build.0 = Debug|Any CPU
								{371D93AF-205B-44DD-BB37-2D7600BA079B}.Release|Any CPU.ActiveCfg = Release|Any CPU
								{371D93AF-205B-44DD-BB37-2D7600BA079B}.Release|Any CPU.Build.0 = Release|Any CPU
								{9419FE79-0F7B-4E20-98E1-8502A6D01EE4}.Debug|Any CPU.ActiveCfg = Debug|Any CPU
								{9419FE79-0F7B-4E20-98E1-8502A6D01EE4}.Debug|Any CPU.Build.0 = Debug|Any CPU
								{9419FE79-0F7B-4E20-98E1-8502A6D01EE4}.Release|Any CPU.ActiveCfg = Release|Any CPU
								{9419FE79-0F7B-4E20-98E1-8502A6D01EE4}.Release|Any CPU.Build.0 = Release|Any CPU
								{719EE96C-2D23-46D9-B9FF-D74CF06DE99A}.Debug|Any CPU.ActiveCfg = Debug|Any CPU
								{719EE96C-2D23-46D9-B9FF-D74CF06DE99A}.Debug|Any CPU.Build.0 = Debug|Any CPU
								{719EE96C-2D23-46D9-B9FF-D74CF06DE99A}.Release|Any CPU.ActiveCfg = Release|Any CPU
								{719EE96C-2D23-46D9-B9FF-D74CF06DE99A}.Release|Any CPU.Build.0 = Release|Any CPU
					{8CB5B818-B84F-435A-8995-66C38D5322E5}.Debug|Any CPU.ActiveCfg = Debug|Any CPU
					{8CB5B818-B84F-435A-8995-66C38D5322E5}.Debug|Any CPU.Build.0 = Debug|Any CPU
					{8CB5B818-B84F-435A-8995-66C38D5322E5}.Release|Any CPU.ActiveCfg = Release|Any CPU
					{8CB5B818-B84F-435A-8995-66C38D5322E5}.Release|Any CPU.Build.0 = Release|Any CPU
					{4D23160F-8365-4E85-8543-F5793244FD97}.Debug|Any CPU.ActiveCfg = Debug|Any CPU
					{4D23160F-8365-4E85-8543-F5793244FD97}.Debug|Any CPU.Build.0 = Debug|Any CPU
					{4D23160F-8365-4E85-8543-F5793244FD97}.Release|Any CPU.ActiveCfg = Release|Any CPU
					{4D23160F-8365-4E85-8543-F5793244FD97}.Release|Any CPU.Build.0 = Release|Any CPU
					{933E0438-1DAD-4698-A4EF-92091E457127}.Debug|Any CPU.ActiveCfg = Debug|Any CPU
					{933E0438-1DAD-4698-A4EF-92091E457127}.Debug|Any CPU.Build.0 = Debug|Any CPU
					{933E0438-1DAD-4698-A4EF-92091E457127}.Release|Any CPU.ActiveCfg = Release|Any CPU
					{933E0438-1DAD-4698-A4EF-92091E457127}.Release|Any CPU.Build.0 = Release|Any CPU
				EndGlobalSection
				GlobalSection(NestedProjects) = preSolution
								{735ADD41-990F-4313-9F42-5C661EF61787} = {5077A5CF-B1BA-4607-9784-AEF1DD911AA5}
								{371D93AF-205B-44DD-BB37-2D7600BA079B} = {5077A5CF-B1BA-4607-9784-AEF1DD911AA5}
								{9419FE79-0F7B-4E20-98E1-8502A6D01EE4} = {5077A5CF-B1BA-4607-9784-AEF1DD911AA5}
								{719EE96C-2D23-46D9-B9FF-D74CF06DE99A} = {5077A5CF-B1BA-4607-9784-AEF1DD911AA5}
					{8CB5B818-B84F-435A-8995-66C38D5322E5} = {4B43D63B-1164-4BA8-8B5F-4CDD561D75DD}
					{4D23160F-8365-4E85-8543-F5793244FD97} = {4B43D63B-1164-4BA8-8B5F-4CDD561D75DD}
					{933E0438-1DAD-4698-A4EF-92091E457127} = {4B43D63B-1164-4BA8-8B5F-4CDD561D75DD}
				EndGlobalSection
EndGlobal
